{
  "lockfile_version": "1",
  "packages": {
    "docker@latest": {
      "last_modified": "2025-10-10T13:35:32Z",
      "resolved": "github:NixOS/nixpkgs/870493f9a8cb0b074ae5b411b2f232015db19a65#docker",
      "source": "devbox-search",
      "version": "28.4.0",
      "systems": {
        "aarch64-darwin": {
          "outputs": [
            {
              "name": "out",
              "path": "/nix/store/bnvsfm00pfigq7mfra4ychhpzkixm37g-docker-28.4.0",
              "default": true
            }
          ],
          "store_path": "/nix/store/bnvsfm00pfigq7mfra4ychhpzkixm37g-docker-28.4.0"
        },
        "aarch64-linux": {
          "outputs": [
            {
              "name": "out",
              "path": "/nix/store/6a6jlpi39n13614qkxsrcw7fj8wg2rpf-docker-28.4.0",
              "default": true
            }
          ],
          "store_path": "/nix/store/6a6jlpi39n13614qkxsrcw7fj8wg2rpf-docker-28.4.0"
        },
        "x86_64-darwin": {
          "outputs": [
            {
              "name": "out",
              "path": "/nix/store/g1da19zv5n6riyj3dlqp9agjrwh4xnr6-docker-28.4.0",
              "default": true
            }
          ],
          "store_path": "/nix/store/g1da19zv5n6riyj3dlqp9agjrwh4xnr6-docker-28.4.0"
        },
        "x86_64-linux": {
          "outputs": [
            {
              "name": "out",
              "path": "/nix/store/x0zyq8g4b0d3plfnrf1qh532mnv6z5ql-docker-28.4.0",
              "default": true
            }
          ],
          "store_path": "/nix/store/x0zyq8g4b0d3plfnrf1qh532mnv6z5ql-docker-28.4.0"
        }
      }
    },
    "github:NixOS/nixpkgs/nixpkgs-unstable": {
      "last_modified": "2025-10-16T06:36:44Z",
      "resolved": "github:NixOS/nixpkgs/3cbe716e2346710d6e1f7c559363d14e11c32a43?lastModified=1760596604&narHash=sha256-J%2Fi5K6AAz%2Fy5dBePHQOuzC7MbhyTOKsd%2FGLezSbEFiM%3D"
    },
    "kind@0.24.0": {
      "last_modified": "2024-12-03T12:40:06Z",
      "resolved": "github:NixOS/nixpkgs/566e53c2ad750c84f6d31f9ccb9d00f823165550#kind",
      "source": "devbox-search",
      "version": "0.24.0",
      "systems": {
        "aarch64-darwin": {
          "outputs": [
            {
              "name": "out",
              "path": "/nix/store/na5pm2mpclxn6i9mcdnfmbba2gmh2f1y-kind-0.24.0",
              "default": true
            }
          ],
          "store_path": "/nix/store/na5pm2mpclxn6i9mcdnfmbba2gmh2f1y-kind-0.24.0"
        },
        "aarch64-linux": {
          "outputs": [
            {
              "name": "out",
              "path": "/nix/store/vwkcf7lfvmifzdqly937i10lglfx7mar-kind-0.24.0",
              "default": true
            }
          ],
          "store_path": "/nix/store/vwkcf7lfvmifzdqly937i10lglfx7mar-kind-0.24.0"
        },
        "x86_64-darwin": {
          "outputs": [
            {
              "name": "out",
              "path": "/nix/store/8j9l98im5r5g71grjjwd2nq89pj8qck6-kind-0.24.0",
              "default": true
            }
          ],
          "store_path": "/nix/store/8j9l98im5r5g71grjjwd2nq89pj8qck6-kind-0.24.0"
        },
        "x86_64-linux": {
          "outputs": [
            {
              "name": "out",
              "path": "/nix/store/yd1lvvwfqjpssc0dgw6v7lac4pxidwg0-kind-0.24.0",
              "default": true
            }
          ],
          "store_path": "/nix/store/yd1lvvwfqjpssc0dgw6v7lac4pxidwg0-kind-0.24.0"
        }
      }
    },
    "kubectl@latest": {
      "last_modified": "2025-10-07T08:41:47Z",
      "resolved": "github:NixOS/nixpkgs/bce5fe2bb998488d8e7e7856315f90496723793c#kubectl",
      "source": "devbox-search",
      "version": "1.34.1",
      "systems": {
        "aarch64-darwin": {
          "outputs": [
            {
              "name": "out",
              "path": "/nix/store/2ih54prydy1k2s0zsjhkplk8sgcj95kc-kubectl-1.34.1",
              "default": true
            },
            {
              "name": "man",
              "path": "/nix/store/3rvrkr29q5rsb9scrxaw7bnxqplj8lzc-kubectl-1.34.1-man",
              "default": true
            },
            {
              "name": "convert",
              "path": "/nix/store/3xinznz678q5layrhy76q8chl9g7q0m6-kubectl-1.34.1-convert"
            }
          ],
          "store_path": "/nix/store/2ih54prydy1k2s0zsjhkplk8sgcj95kc-kubectl-1.34.1"
        },
        "aarch64-linux": {
          "outputs": [
            {
              "name": "out",
              "path": "/nix/store/kwyzcnrnmp32rh8yamhckddjnsyb7wv8-kubectl-1.34.1",
              "default": true
            },
            {
              "name": "man",
              "path": "/nix/store/1lib1cii7f7ks82bgq3shf3pa4bvfwlw-kubectl-1.34.1-man",
              "default": true
            },
            {
              "name": "convert",
              "path": "/nix/store/b2i2xpyf726nvf0wznanvk9wx4kyhxn0-kubectl-1.34.1-convert"
            }
          ],
          "store_path": "/nix/store/kwyzcnrnmp32rh8yamhckddjnsyb7wv8-kubectl-1.34.1"
        },
        "x86_64-darwin": {
          "outputs": [
            {
              "name": "out",
              "path": "/nix/store/nsldgqqryn057z8356yip0lxnhhn7azy-kubectl-1.34.1",
              "default": true
            },
            {
              "name": "man",
              "path": "/nix/store/97ky0g57awcjskva2zyyczqvg5ab9iq4-kubectl-1.34.1-man",
              "default": true
            },
            {
              "name": "convert",
              "path": "/nix/store/wwy8yalmwwz6m2rjc2fasdihc83gh9kv-kubectl-1.34.1-convert"
            }
          ],
          "store_path": "/nix/store/nsldgqqryn057z8356yip0lxnhhn7azy-kubectl-1.34.1"
        },
        "x86_64-linux": {
          "outputs": [
            {
              "name": "out",
              "path": "/nix/store/5fs5bi2b03j7b1s05h317iszhm8q23x7-kubectl-1.34.1",
              "default": true
            },
            {
              "name": "man",
              "path": "/nix/store/zsl5hlc1rgy52ljdkl0f5vfcp4vfs9gr-kubectl-1.34.1-man",
              "default": true
            },
            {
              "name": "convert",
              "path": "/nix/store/0xapfmzqh1lwmm7xkwca43k5pr65p32b-kubectl-1.34.1-convert"
            }
          ],
          "store_path": "/nix/store/5fs5bi2b03j7b1s05h317iszhm8q23x7-kubectl-1.34.1"
        }
      }
    },
    "python312@latest": {
      "last_modified": "2025-10-07T08:41:47Z",
      "plugin_version": "0.0.4",
      "resolved": "github:NixOS/nixpkgs/bce5fe2bb998488d8e7e7856315f90496723793c#python312",
      "source": "devbox-search",
      "version": "3.12.11",
      "systems": {
        "aarch64-darwin": {
          "outputs": [
            {
              "name": "out",
              "path": "/nix/store/d5bvj78dzx6wjnz13vawcjb3pa5hpdkv-python3-3.12.11",
              "default": true
            }
          ],
          "store_path": "/nix/store/d5bvj78dzx6wjnz13vawcjb3pa5hpdkv-python3-3.12.11"
        },
        "aarch64-linux": {
          "outputs": [
            {
              "name": "out",
              "path": "/nix/store/n9fq90ybwm7flzhswka4i8siss56g4hq-python3-3.12.11",
              "default": true
            },
            {
              "name": "debug",
              "path": "/nix/store/vlpgzwscnw0jv7109k2s5z9f9yw3f4ws-python3-3.12.11-debug"
            }
          ],
          "store_path": "/nix/store/n9fq90ybwm7flzhswka4i8siss56g4hq-python3-3.12.11"
        },
        "x86_64-darwin": {
          "outputs": [
            {
              "name": "out",
              "path": "/nix/store/lykhqadwwlc89lxiyvpms7hkx1nxznw6-python3-3.12.11",
              "default": true
            }
          ],
          "store_path": "/nix/store/lykhqadwwlc89lxiyvpms7hkx1nxznw6-python3-3.12.11"
        },
        "x86_64-linux": {
          "outputs": [
            {
              "name": "out",
              "path": "/nix/store/27fr7ynpilzb7rzmay73g905jbl8br4a-python3-3.12.11",
              "default": true
            },
            {
              "name": "debug",
              "path": "/nix/store/h4m4mz0j2iyfj17zmq49n0g5i8zywic6-python3-3.12.11-debug"
            }
          ],
          "store_path": "/nix/store/27fr7ynpilzb7rzmay73g905jbl8br4a-python3-3.12.11"
        }
      }
    },
    "skaffold@latest": {
      "last_modified": "2025-10-07T08:41:47Z",
      "resolved": "github:NixOS/nixpkgs/bce5fe2bb998488d8e7e7856315f90496723793c#skaffold",
      "source": "devbox-search",
      "version": "2.16.1",
      "systems": {
        "aarch64-darwin": {
          "outputs": [
            {
              "name": "out",
              "path": "/nix/store/cbh74kcr9632pws0ikifmxm94fycf8py-skaffold-2.16.1",
              "default": true
            }
          ],
          "store_path": "/nix/store/cbh74kcr9632pws0ikifmxm94fycf8py-skaffold-2.16.1"
        },
        "aarch64-linux": {
          "outputs": [
            {
              "name": "out",
              "path": "/nix/store/v0s1rvbplzc335bsb8m4w3wxn1kghrlf-skaffold-2.16.1",
              "default": true
            }
          ],
          "store_path": "/nix/store/v0s1rvbplzc335bsb8m4w3wxn1kghrlf-skaffold-2.16.1"
        },
        "x86_64-darwin": {
          "outputs": [
            {
              "name": "out",
              "path": "/nix/store/yfbkszqa9gcx242pnsdksgxzi374i1da-skaffold-2.16.1",
              "default": true
            }
          ],
          "store_path": "/nix/store/yfbkszqa9gcx242pnsdksgxzi374i1da-skaffold-2.16.1"
        },
        "x86_64-linux": {
          "outputs": [
            {
              "name": "out",
              "path": "/nix/store/vmn02fgw790iq9a03nmpbq5chxi2d17b-skaffold-2.16.1",
              "default": true
            }
          ],
          "store_path": "/nix/store/vmn02fgw790iq9a03nmpbq5chxi2d17b-skaffold-2.16.1"
        }
      }
    }
  }
}
