# This file was autogenerated by uv via the following command:
#    uv pip compile requirements.txt -o requirements.lock
anyio==4.13.0
    # via httpx
certifi==2026.2.25
    # via
    #   httpcore
    #   httpx
    #   kubernetes
    #   requests
charset-normalizer==3.4.7
    # via requests
durationpy==0.10
    # via kubernetes
h11==0.16.0
    # via httpcore
httpcore==1.0.9
    # via httpx
httpx==0.28.1
    # via -r requirements.txt
idna==3.11
    # via
    #   anyio
    #   httpx
    #   requests
kubernetes==35.0.0
    # via -r requirements.txt
oauthlib==3.3.1
    # via requests-oauthlib
pyjwt==2.12.1
    # via -r requirements.txt
python-dateutil==2.9.0.post0
    # via kubernetes
pyyaml==6.0.3
    # via kubernetes
requests==2.33.1
    # via
    #   kubernetes
    #   requests-oauthlib
requests-oauthlib==2.0.0
    # via kubernetes
six==1.17.0
    # via
    #   kubernetes
    #   python-dateutil
typing-extensions==4.15.0
    # via anyio
urllib3==2.6.3
    # via
    #   kubernetes
    #   requests
websocket-client==1.9.0
    # via kubernetes
websockets==15.0
    # via -r requirements.txt
